// !$*UTF8*$!
{
	archiveVersion = 1;
	classes = {
	};
	objectVersion = 52;
	objects = {

/* Begin PBXBuildFile section */
		75122E5323839CA10009F4D1 /* QRScanViewController.swift in Sources */ = {isa = PBXBuildFile; fileRef = 75122E5223839CA10009F4D1 /* QRScanViewController.swift */; };
		75122E5523839CBD0009F4D1 /* ReserveViewController.swift in Sources */ = {isa = PBXBuildFile; fileRef = 75122E5423839CBD0009F4D1 /* ReserveViewController.swift */; };
		752CE6EC236FFED80071305A /* AppDelegate.swift in Sources */ = {isa = PBXBuildFile; fileRef = 752CE6EB236FFED80071305A /* AppDelegate.swift */; };
		752CE6EE236FFED80071305A /* SceneDelegate.swift in Sources */ = {isa = PBXBuildFile; fileRef = 752CE6ED236FFED80071305A /* SceneDelegate.swift */; };
		752CE6F0236FFED80071305A /* ViewController.swift in Sources */ = {isa = PBXBuildFile; fileRef = 752CE6EF236FFED80071305A /* ViewController.swift */; };
		752CE6F3236FFED80071305A /* Main.storyboard in Resources */ = {isa = PBXBuildFile; fileRef = 752CE6F1236FFED80071305A /* Main.storyboard */; };
		752CE6F5236FFEDA0071305A /* Assets.xcassets in Resources */ = {isa = PBXBuildFile; fileRef = 752CE6F4236FFEDA0071305A /* Assets.xcassets */; };
		752CE6F8236FFEDA0071305A /* LaunchScreen.storyboard in Resources */ = {isa = PBXBuildFile; fileRef = 752CE6F6236FFEDA0071305A /* LaunchScreen.storyboard */; };
		752CE700237005880071305A /* MainViewController.swift in Sources */ = {isa = PBXBuildFile; fileRef = 752CE6FF237005880071305A /* MainViewController.swift */; };
		756FA4062371015D0074A38F /* CryptoSwift in Frameworks */ = {isa = PBXBuildFile; productRef = 756FA4052371015D0074A38F /* CryptoSwift */; };
/* End PBXBuildFile section */

/* Begin PBXFileReference section */
		75122E5223839CA10009F4D1 /* QRScanViewController.swift */ = {isa = PBXFileReference; lastKnownFileType = sourcecode.swift; path = QRScanViewController.swift; sourceTree = "<group>"; };
		75122E5423839CBD0009F4D1 /* ReserveViewController.swift */ = {isa = PBXFileReference; lastKnownFileType = sourcecode.swift; path = ReserveViewController.swift; sourceTree = "<group>"; };
		752CE6E8236FFED80071305A /* HyoJa-iOS.app */ = {isa = PBXFileReference; explicitFileType = wrapper.application; includeInIndex = 0; path = "HyoJa-iOS.app"; sourceTree = BUILT_PRODUCTS_DIR; };
		752CE6EB236FFED80071305A /* AppDelegate.swift */ = {isa = PBXFileReference; lastKnownFileType = sourcecode.swift; path = AppDelegate.swift; sourceTree = "<group>"; };
		752CE6ED236FFED80071305A /* SceneDelegate.swift */ = {isa = PBXFileReference; lastKnownFileType = sourcecode.swift; path = SceneDelegate.swift; sourceTree = "<group>"; };
		752CE6EF236FFED80071305A /* ViewController.swift */ = {isa = PBXFileReference; lastKnownFileType = sourcecode.swift; path = ViewController.swift; sourceTree = "<group>"; };
		752CE6F2236FFED80071305A /* Base */ = {isa = PBXFileReference; lastKnownFileType = file.storyboard; name = Base; path = Base.lproj/Main.storyboard; sourceTree = "<group>"; };
		752CE6F4236FFEDA0071305A /* Assets.xcassets */ = {isa = PBXFileReference; lastKnownFileType = folder.assetcatalog; path = Assets.xcassets; sourceTree = "<group>"; };
		752CE6F7236FFEDA0071305A /* Base */ = {isa = PBXFileReference; lastKnownFileType = file.storyboard; name = Base; path = Base.lproj/LaunchScreen.storyboard; sourceTree = "<group>"; };
		752CE6F9236FFEDA0071305A /* Info.plist */ = {isa = PBXFileReference; lastKnownFileType = text.plist.xml; path = Info.plist; sourceTree = "<group>"; };
		752CE6FF237005880071305A /* MainViewController.swift */ = {isa = PBXFileReference; lastKnownFileType = sourcecode.swift; path = MainViewController.swift; sourceTree = "<group>"; };
/* End PBXFileReference section */

/* Begin PBXFrameworksBuildPhase section */
		752CE6E5236FFED80071305A /* Frameworks */ = {
			isa = PBXFrameworksBuildPhase;
			buildActionMask = 2147483647;
			files = (
				756FA4062371015D0074A38F /* CryptoSwift in Frameworks */,
			);
			runOnlyForDeploymentPostprocessing = 0;
		};
/* End PBXFrameworksBuildPhase section */

/* Begin PBXGroup section */
		752CE6DF236FFED80071305A = {
			isa = PBXGroup;
			children = (
				752CE6EA236FFED80071305A /* HyoJa-iOS */,
				752CE6E9236FFED80071305A /* Products */,
			);
			sourceTree = "<group>";
		};
		752CE6E9236FFED80071305A /* Products */ = {
			isa = PBXGroup;
			children = (
				752CE6E8236FFED80071305A /* HyoJa-iOS.app */,
			);
			name = Products;
			sourceTree = "<group>";
		};
		752CE6EA236FFED80071305A /* HyoJa-iOS */ = {
			isa = PBXGroup;
			children = (
				752CE6EB236FFED80071305A /* AppDelegate.swift */,
				752CE6ED236FFED80071305A /* SceneDelegate.swift */,
				752CE6EF236FFED80071305A /* ViewController.swift */,
				752CE6F1236FFED80071305A /* Main.storyboard */,
				752CE6FF237005880071305A /* MainViewController.swift */,
				752CE6F4236FFEDA0071305A /* Assets.xcassets */,
				752CE6F6236FFEDA0071305A /* LaunchScreen.storyboard */,
				752CE6F9236FFEDA0071305A /* Info.plist */,
				75122E5223839CA10009F4D1 /* QRScanViewController.swift */,
				75122E5423839CBD0009F4D1 /* ReserveViewController.swift */,
			);
			path = "HyoJa-iOS";
			sourceTree = "<group>";
		};
/* End PBXGroup section */

/* Begin PBXNativeTarget section */
		752CE6E7236FFED80071305A /* HyoJa-iOS */ = {
			isa = PBXNativeTarget;
			buildConfigurationList = 752CE6FC236FFEDA0071305A /* Build configuration list for PBXNativeTarget "HyoJa-iOS" */;
			buildPhases = (
				752CE6E4236FFED80071305A /* Sources */,
				752CE6E5236FFED80071305A /* Frameworks */,
				752CE6E6236FFED80071305A /* Resources */,
			);
			buildRules = (
			);
			dependencies = (
			);
			name = "HyoJa-iOS";
			packageProductDependencies = (
				756FA4052371015D0074A38F /* CryptoSwift */,
			);
			productName = "HyoJa-iOS";
			productReference = 752CE6E8236FFED80071305A /* HyoJa-iOS.app */;
			productType = "com.apple.product-type.application";
		};
/* End PBXNativeTarget section */

/* Begin PBXProject section */
		752CE6E0236FFED80071305A /* Project object */ = {
			isa = PBXProject;
			attributes = {
				LastSwiftUpdateCheck = 1110;
				LastUpgradeCheck = 1110;
				ORGANIZATIONNAME = eomjeongho;
				TargetAttributes = {
					752CE6E7236FFED80071305A = {
						CreatedOnToolsVersion = 11.1;
					};
				};
			};
			buildConfigurationList = 752CE6E3236FFED80071305A /* Build configuration list for PBXProject "HyoJa-iOS" */;
			compatibilityVersion = "Xcode 9.3";
			developmentRegion = en;
			hasScannedForEncodings = 0;
			knownRegions = (
				en,
				Base,
			);
			mainGroup = 752CE6DF236FFED80071305A;
			packageReferences = (
				756FA4042371015D0074A38F /* XCRemoteSwiftPackageReference "CryptoSwift" */,
			);
			productRefGroup = 752CE6E9236FFED80071305A /* Products */;
			projectDirPath = "";
			projectRoot = "";
			targets = (
				752CE6E7236FFED80071305A /* HyoJa-iOS */,
			);
		};
/* End PBXProject section */

/* Begin PBXResourcesBuildPhase section */
		752CE6E6236FFED80071305A /* Resources */ = {
			isa = PBXResourcesBuildPhase;
			buildActionMask = 2147483647;
			files = (
				752CE6F8236FFEDA0071305A /* LaunchScreen.storyboard in Resources */,
				752CE6F5236FFEDA0071305A /* Assets.xcassets in Resources */,
				752CE6F3236FFED80071305A /* Main.storyboard in Resources */,
			);
			runOnlyForDeploymentPostprocessing = 0;
		};
/* End PBXResourcesBuildPhase section */

/* Begin PBXSourcesBuildPhase section */
		752CE6E4236FFED80071305A /* Sources */ = {
			isa = PBXSourcesBuildPhase;
			buildActionMask = 2147483647;
			files = (
				752CE6F0236FFED80071305A /* ViewController.swift in Sources */,
				752CE6EC236FFED80071305A /* AppDelegate.swift in Sources */,
				752CE6EE236FFED80071305A /* SceneDelegate.swift in Sources */,
				75122E5323839CA10009F4D1 /* QRScanViewController.swift in Sources */,
				752CE700237005880071305A /* MainViewController.swift in Sources */,
				75122E5523839CBD0009F4D1 /* ReserveViewController.swift in Sources */,
			);
			runOnlyForDeploymentPostprocessing = 0;
		};
/* End PBXSourcesBuildPhase section */

/* Begin PBXVariantGroup section */
		752CE6F1236FFED80071305A /* Main.storyboard */ = {
			isa = PBXVariantGroup;
			children = (
				752CE6F2236FFED80071305A /* Base */,
			);
			name = Main.storyboard;
			sourceTree = "<group>";
		};
		752CE6F6236FFEDA0071305A /* LaunchScreen.storyboard */ = {
			isa = PBXVariantGroup;
			children = (
				752CE6F7236FFEDA0071305A /* Base */,
			);
			name = LaunchScreen.storyboard;
			sourceTree = "<group>";
		};
/* End PBXVariantGroup section */

/* Begin XCBuildConfiguration section */
		752CE6FA236FFEDA0071305A /* Debug */ = {
			isa = XCBuildConfiguration;
			buildSettings = {
				ALWAYS_SEARCH_USER_PATHS = NO;
				CLANG_ANALYZER_NONNULL = YES;
				CLANG_ANALYZER_NUMBER_OBJECT_CONVERSION = YES_AGGRESSIVE;
				CLANG_CXX_LANGUAGE_STANDARD = "gnu++14";
				CLANG_CXX_LIBRARY = "libc++";
				CLANG_ENABLE_MODULES = YES;
				CLANG_ENABLE_OBJC_ARC = YES;
				CLANG_ENABLE_OBJC_WEAK = YES;
				CLANG_WARN_BLOCK_CAPTURE_AUTORELEASING = YES;
				CLANG_WARN_BOOL_CONVERSION = YES;
				CLANG_WARN_COMMA = YES;
				CLANG_WARN_CONSTANT_CONVERSION = YES;
				CLANG_WARN_DEPRECATED_OBJC_IMPLEMENTATIONS = YES;
				CLANG_WARN_DIRECT_OBJC_ISA_USAGE = YES_ERROR;
				CLANG_WARN_DOCUMENTATION_COMMENTS = YES;
				CLANG_WARN_EMPTY_BODY = YES;
				CLANG_WARN_ENUM_CONVERSION = YES;
				CLANG_WARN_INFINITE_RECURSION = YES;
				CLANG_WARN_INT_CONVERSION = YES;
				CLANG_WARN_NON_LITERAL_NULL_CONVERSION = YES;
				CLANG_WARN_OBJC_IMPLICIT_RETAIN_SELF = YES;
				CLANG_WARN_OBJC_LITERAL_CONVERSION = YES;
				CLANG_WARN_OBJC_ROOT_CLASS = YES_ERROR;
				CLANG_WARN_RANGE_LOOP_ANALYSIS = YES;
				CLANG_WARN_STRICT_PROTOTYPES = YES;
				CLANG_WARN_SUSPICIOUS_MOVE = YES;
				CLANG_WARN_UNGUARDED_AVAILABILITY = YES_AGGRESSIVE;
				CLANG_WARN_UNREACHABLE_CODE = YES;
				CLANG_WARN__DUPLICATE_METHOD_MATCH = YES;
				CODE_SIGN_IDENTITY = "Apple Development";
				COPY_PHASE_STRIP = NO;
				DEBUG_INFORMATION_FORMAT = dwarf;
				DEVELOPMENT_TEAM = TR25V754J2;
				ENABLE_STRICT_OBJC_MSGSEND = YES;
				ENABLE_TESTABILITY = YES;
				GCC_C_LANGUAGE_STANDARD = gnu11;
				GCC_DYNAMIC_NO_PIC = NO;
				GCC_NO_COMMON_BLOCKS = YES;
				GCC_OPTIMIZATION_LEVEL = 0;
				GCC_PREPROCESSOR_DEFINITIONS = (
					"DEBUG=1",
					"$(inherited)",
				);
				GCC_WARN_64_TO_32_BIT_CONVERSION = YES;
				GCC_WARN_ABOUT_RETURN_TYPE = YES_ERROR;
				GCC_WARN_UNDECLARED_SELECTOR = YES;
				GCC_WARN_UNINITIALIZED_AUTOS = YES_AGGRESSIVE;
				GCC_WARN_UNUSED_FUNCTION = YES;
				GCC_WARN_UNUSED_VARIABLE = YES;
				IPHONEOS_DEPLOYMENT_TARGET = 13.1;
				MTL_ENABLE_DEBUG_INFO = INCLUDE_SOURCE;
				MTL_FAST_MATH = YES;
				ONLY_ACTIVE_ARCH = YES;
				SDKROOT = iphoneos;
				SWIFT_ACTIVE_COMPILATION_CONDITIONS = DEBUG;
				SWIFT_OPTIMIZATION_LEVEL = "-Onone";
			};
			name = Debug;
		};
		752CE6FB236FFEDA0071305A /* Release */ = {
			isa = XCBuildConfiguration;
			buildSettings = {
				ALWAYS_SEARCH_USER_PATHS = NO;
				CLANG_ANALYZER_NONNULL = YES;
				CLANG_ANALYZER_NUMBER_OBJECT_CONVERSION = YES_AGGRESSIVE;
				CLANG_CXX_LANGUAGE_STANDARD = "gnu++14";
				CLANG_CXX_LIBRARY = "libc++";
				CLANG_ENABLE_MODULES = YES;
				CLANG_ENABLE_OBJC_ARC = YES;
				CLANG_ENABLE_OBJC_WEAK = YES;
				CLANG_WARN_BLOCK_CAPTURE_AUTORELEASING = YES;
				CLANG_WARN_BOOL_CONVERSION = YES;
				CLANG_WARN_COMMA = YES;
				CLANG_WARN_CONSTANT_CONVERSION = YES;
				CLANG_WARN_DEPRECATED_OBJC_IMPLEMENTATIONS = YES;
				CLANG_WARN_DIRECT_OBJC_ISA_USAGE = YES_ERROR;
				CLANG_WARN_DOCUMENTATION_COMMENTS = YES;
				CLANG_WARN_EMPTY_BODY = YES;
				CLANG_WARN_ENUM_CONVERSION = YES;
				CLANG_WARN_INFINITE_RECURSION = YES;
				CLANG_WARN_INT_CONVERSION = YES;
				CLANG_WARN_NON_LITERAL_NULL_CONVERSION = YES;
				CLANG_WARN_OBJC_IMPLICIT_RETAIN_SELF = YES;
				CLANG_WARN_OBJC_LITERAL_CONVERSION = YES;
				CLANG_WARN_OBJC_ROOT_CLASS = YES_ERROR;
				CLANG_WARN_RANGE_LOOP_ANALYSIS = YES;
				CLANG_WARN_STRICT_PROTOTYPES = YES;
				CLANG_WARN_SUSPICIOUS_MOVE = YES;
				CLANG_WARN_UNGUARDED_AVAILABILITY = YES_AGGRESSIVE;
				CLANG_WARN_UNREACHABLE_CODE = YES;
				CLANG_WARN__DUPLICATE_METHOD_MATCH = YES;
				CODE_SIGN_IDENTITY = "Apple Development";
				COPY_PHASE_STRIP = NO;
				DEBUG_INFORMATION_FORMAT = "dwarf-with-dsym";
				DEVELOPMENT_TEAM = TR25V754J2;
				ENABLE_NS_ASSERTIONS = NO;
				ENABLE_STRICT_OBJC_MSGSEND = YES;
				GCC_C_LANGUAGE_STANDARD = gnu11;
				GCC_NO_COMMON_BLOCKS = YES;
				GCC_WARN_64_TO_32_BIT_CONVERSION = YES;
				GCC_WARN_ABOUT_RETURN_TYPE = YES_ERROR;
				GCC_WARN_UNDECLARED_SELECTOR = YES;
				GCC_WARN_UNINITIALIZED_AUTOS = YES_AGGRESSIVE;
				GCC_WARN_UNUSED_FUNCTION = YES;
				GCC_WARN_UNUSED_VARIABLE = YES;
				IPHONEOS_DEPLOYMENT_TARGET = 13.1;
				MTL_ENABLE_DEBUG_INFO = NO;
				MTL_FAST_MATH = YES;
				SDKROOT = iphoneos;
				SWIFT_COMPILATION_MODE = wholemodule;
				SWIFT_OPTIMIZATION_LEVEL = "-O";
				VALIDATE_PRODUCT = YES;
			};
			name = Release;
		};
		752CE6FD236FFEDA0071305A /* Debug */ = {
			isa = XCBuildConfiguration;
			buildSettings = {
				ASSETCATALOG_COMPILER_APPICON_NAME = AppIcon;
				CODE_SIGN_STYLE = Automatic;
				DEVELOPMENT_TEAM = TR25V754J2;
				INFOPLIST_FILE = "HyoJa-iOS/Info.plist";
				IPHONEOS_DEPLOYMENT_TARGET = 13.0;
				LD_RUNPATH_SEARCH_PATHS = (
					"$(inherited)",
					"@executable_path/Frameworks",
				);
				PRODUCT_BUNDLE_IDENTIFIER = eomjeongho;
				PRODUCT_NAME = "$(TARGET_NAME)";
				SWIFT_VERSION = 5.0;
				TARGETED_DEVICE_FAMILY = 1;
			};
			name = Debug;
		};
		752CE6FE236FFEDA0071305A /* Release */ = {
			isa = XCBuildConfiguration;
			buildSettings = {
				ASSETCATALOG_COMPILER_APPICON_NAME = AppIcon;
				CODE_SIGN_STYLE = Automatic;
				DEVELOPMENT_TEAM = TR25V754J2;
				INFOPLIST_FILE = "HyoJa-iOS/Info.plist";
				IPHONEOS_DEPLOYMENT_TARGET = 13.0;
				LD_RUNPATH_SEARCH_PATHS = (
					"$(inherited)",
					"@executable_path/Frameworks",
				);
				PRODUCT_BUNDLE_IDENTIFIER = eomjeongho;
				PRODUCT_NAME = "$(TARGET_NAME)";
				SWIFT_VERSION = 5.0;
				TARGETED_DEVICE_FAMILY = 1;
			};
			name = Release;
		};
/* End XCBuildConfiguration section */

/* Begin XCConfigurationList section */
		752CE6E3236FFED80071305A /* Build configuration list for PBXProject "HyoJa-iOS" */ = {
			isa = XCConfigurationList;
			buildConfigurations = (
				752CE6FA236FFEDA0071305A /* Debug */,
				752CE6FB236FFEDA0071305A /* Release */,
			);
			defaultConfigurationIsVisible = 0;
			defaultConfigurationName = Release;
		};
		752CE6FC236FFEDA0071305A /* Build configuration list for PBXNativeTarget "HyoJa-iOS" */ = {
			isa = XCConfigurationList;
			buildConfigurations = (
				752CE6FD236FFEDA0071305A /* Debug */,
				752CE6FE236FFEDA0071305A /* Release */,
			);
			defaultConfigurationIsVisible = 0;
			defaultConfigurationName = Release;
		};
/* End XCConfigurationList section */

/* Begin XCRemoteSwiftPackageReference section */
		756FA4042371015D0074A38F /* XCRemoteSwiftPackageReference "CryptoSwift" */ = {
			isa = XCRemoteSwiftPackageReference;
			repositoryURL = "https://github.com/krzyzanowskim/CryptoSwift.git";
			requirement = {
				kind = upToNextMajorVersion;
				minimumVersion = 1.1.3;
			};
		};
/* End XCRemoteSwiftPackageReference section */

/* Begin XCSwiftPackageProductDependency section */
		756FA4052371015D0074A38F /* CryptoSwift */ = {
			isa = XCSwiftPackageProductDependency;
			package = 756FA4042371015D0074A38F /* XCRemoteSwiftPackageReference "CryptoSwift" */;
			productName = CryptoSwift;
		};
/* End XCSwiftPackageProductDependency section */
	};
	rootObject = 752CE6E0236FFED80071305A /* Project object */;
}
